
Microsoft Visual Studio Solution File, Format Version 12.00
# Visual Studio Version 16
VisualStudioVersion = 16.0.29806.167
MinimumVisualStudioVersion = 10.0.40219.1
Project("{2150E333-8FDC-42A3-9474-1A3956D46DE8}") = "BackEnd", "BackEnd", "{D2EAB88D-929C-4487-A839-2E3F99057BBD}"
EndProject
Project("{9A19103F-16F7-4668-BE54-9A1E7A4F7556}") = "DataAccess", "BackEnd\DataAccess\DataAccess.csproj", "{CA8AAEAC-CCE6-4900-BB67-BDF7AF70C011}"
EndProject
Project("{9A19103F-16F7-4668-BE54-9A1E7A4F7556}") = "Core", "BackEnd\Core\Core.csproj", "{1EFC691B-C212-4CD8-9A43-62ADB6F2B3A8}"
EndProject
Project("{9A19103F-16F7-4668-BE54-9A1E7A4F7556}") = "Api", "BackEnd\Api\Api.csproj", "{344AE82D-C680-4622-A99D-7A33D0779CF8}"
EndProject
Project("{9A19103F-16F7-4668-BE54-9A1E7A4F7556}") = "Application", "BackEnd\Business\Application.csproj", "{494688C8-DF42-4DE2-B384-CFF5E8DFAFF1}"
EndProject
Project("{9A19103F-16F7-4668-BE54-9A1E7A4F7556}") = "Entity", "BackEnd\Entity\Entity.csproj", "{870E9900-4D24-4A40-B874-EE07FFFFAA47}"
EndProject
Project("{9A19103F-16F7-4668-BE54-9A1E7A4F7556}") = "Domain", "BackEnd\Domain\Domain.csproj", "{6A5D2342-8830-4031-9629-7817659330EB}"
EndProject
Project("{2150E333-8FDC-42A3-9474-1A3956D46DE8}") = "FrontEnd", "FrontEnd", "{EE3F3048-FC18-4F4A-8054-FCFD95AD75FA}"
	ProjectSection(SolutionItems) = preProject
		..\..\..\Desktop\FrontEnd\.editorconfig = ..\..\..\Desktop\FrontEnd\.editorconfig
		..\..\..\Desktop\FrontEnd\.gitignore = ..\..\..\Desktop\FrontEnd\.gitignore
		..\..\..\Desktop\FrontEnd\angular.json = ..\..\..\Desktop\FrontEnd\angular.json
		..\..\..\Desktop\FrontEnd\browserslist = ..\..\..\Desktop\FrontEnd\browserslist
		..\..\..\Desktop\FrontEnd\CHANGELOG.md = ..\..\..\Desktop\FrontEnd\CHANGELOG.md
		..\..\..\Desktop\FrontEnd\ISSUE_TEMPLATE.md = ..\..\..\Desktop\FrontEnd\ISSUE_TEMPLATE.md
		..\..\..\Desktop\FrontEnd\karma.conf.js = ..\..\..\Desktop\FrontEnd\karma.conf.js
		..\..\..\Desktop\FrontEnd\LICENSE.md = ..\..\..\Desktop\FrontEnd\LICENSE.md
		..\..\..\Desktop\FrontEnd\package.json = ..\..\..\Desktop\FrontEnd\package.json
		..\..\..\Desktop\FrontEnd\protractor.conf.js = ..\..\..\Desktop\FrontEnd\protractor.conf.js
		..\..\..\Desktop\FrontEnd\README.md = ..\..\..\Desktop\FrontEnd\README.md
		..\..\..\Desktop\FrontEnd\tsconfig.json = ..\..\..\Desktop\FrontEnd\tsconfig.json
		..\..\..\Desktop\FrontEnd\tslint.json = ..\..\..\Desktop\FrontEnd\tslint.json
	EndProjectSection
EndProject
Project("{2150E333-8FDC-42A3-9474-1A3956D46DE8}") = "e2e", "e2e", "{85CC2F56-FDD3-40D9-9CD9-EC2946489522}"
	ProjectSection(SolutionItems) = preProject
		..\..\..\Desktop\FrontEnd\e2e\app.e2e-spec.ts = ..\..\..\Desktop\FrontEnd\e2e\app.e2e-spec.ts
		..\..\..\Desktop\FrontEnd\e2e\app.po.ts = ..\..\..\Desktop\FrontEnd\e2e\app.po.ts
		..\..\..\Desktop\FrontEnd\e2e\tsconfig.e2e.json = ..\..\..\Desktop\FrontEnd\e2e\tsconfig.e2e.json
	EndProjectSection
EndProject
Project("{2150E333-8FDC-42A3-9474-1A3956D46DE8}") = "src", "src", "{80981187-65B0-4837-9218-29B50BD59EB6}"
	ProjectSection(SolutionItems) = preProject
		..\..\..\Desktop\FrontEnd\src\favicon.ico = ..\..\..\Desktop\FrontEnd\src\favicon.ico
		..\..\..\Desktop\FrontEnd\src\index.html = ..\..\..\Desktop\FrontEnd\src\index.html
		..\..\..\Desktop\FrontEnd\src\main.ts = ..\..\..\Desktop\FrontEnd\src\main.ts
		..\..\..\Desktop\FrontEnd\src\polyfills.ts = ..\..\..\Desktop\FrontEnd\src\polyfills.ts
		..\..\..\Desktop\FrontEnd\src\styles.css = ..\..\..\Desktop\FrontEnd\src\styles.css
		..\..\..\Desktop\FrontEnd\src\test.ts = ..\..\..\Desktop\FrontEnd\src\test.ts
		..\..\..\Desktop\FrontEnd\src\tsconfig.app.json = ..\..\..\Desktop\FrontEnd\src\tsconfig.app.json
		..\..\..\Desktop\FrontEnd\src\tsconfig.spec.json = ..\..\..\Desktop\FrontEnd\src\tsconfig.spec.json
		..\..\..\Desktop\FrontEnd\src\typings.d.ts = ..\..\..\Desktop\FrontEnd\src\typings.d.ts
	EndProjectSection
EndProject
Project("{2150E333-8FDC-42A3-9474-1A3956D46DE8}") = "app", "app", "{196B702B-72BB-4BD2-89D5-F694645D24AD}"
	ProjectSection(SolutionItems) = preProject
		..\..\..\Desktop\FrontEnd\src\app\app.component.css = ..\..\..\Desktop\FrontEnd\src\app\app.component.css
		..\..\..\Desktop\FrontEnd\src\app\app.component.html = ..\..\..\Desktop\FrontEnd\src\app\app.component.html
		..\..\..\Desktop\FrontEnd\src\app\app.component.spec.ts = ..\..\..\Desktop\FrontEnd\src\app\app.component.spec.ts
		..\..\..\Desktop\FrontEnd\src\app\app.component.ts = ..\..\..\Desktop\FrontEnd\src\app\app.component.ts
		..\..\..\Desktop\FrontEnd\src\app\app.module.ts = ..\..\..\Desktop\FrontEnd\src\app\app.module.ts
		..\..\..\Desktop\FrontEnd\src\app\app.routing.ts = ..\..\..\Desktop\FrontEnd\src\app\app.routing.ts
	EndProjectSection
EndProject
Project("{2150E333-8FDC-42A3-9474-1A3956D46DE8}") = "layouts", "layouts", "{39563862-56B6-42B7-8C40-CC464ACAD34A}"
EndProject
Project("{2150E333-8FDC-42A3-9474-1A3956D46DE8}") = "admin-layout", "admin-layout", "{641D9E08-E212-4CD4-B0A1-0178DBBC96BF}"
	ProjectSection(SolutionItems) = preProject
		..\..\..\Desktop\FrontEnd\src\app\layouts\admin-layout\admin-layout.component.html = ..\..\..\Desktop\FrontEnd\src\app\layouts\admin-layout\admin-layout.component.html
		..\..\..\Desktop\FrontEnd\src\app\layouts\admin-layout\admin-layout.component.scss = ..\..\..\Desktop\FrontEnd\src\app\layouts\admin-layout\admin-layout.component.scss
		..\..\..\Desktop\FrontEnd\src\app\layouts\admin-layout\admin-layout.component.spec.ts = ..\..\..\Desktop\FrontEnd\src\app\layouts\admin-layout\admin-layout.component.spec.ts
		..\..\..\Desktop\FrontEnd\src\app\layouts\admin-layout\admin-layout.component.ts = ..\..\..\Desktop\FrontEnd\src\app\layouts\admin-layout\admin-layout.component.ts
		..\..\..\Desktop\FrontEnd\src\app\layouts\admin-layout\admin-layout.module.ts = ..\..\..\Desktop\FrontEnd\src\app\layouts\admin-layout\admin-layout.module.ts
		..\..\..\Desktop\FrontEnd\src\app\layouts\admin-layout\admin-layout.routing.ts = ..\..\..\Desktop\FrontEnd\src\app\layouts\admin-layout\admin-layout.routing.ts
	EndProjectSection
EndProject
Project("{2150E333-8FDC-42A3-9474-1A3956D46DE8}") = "pages", "pages", "{72B3DD11-8173-4247-B6DB-5A305F28331A}"
EndProject
Project("{2150E333-8FDC-42A3-9474-1A3956D46DE8}") = "dashboard", "dashboard", "{F776FCA9-0C67-45B9-86F7-9ADE31DBA006}"
	ProjectSection(SolutionItems) = preProject
		..\..\..\Desktop\FrontEnd\src\app\pages\dashboard\dashboard.component.html = ..\..\..\Desktop\FrontEnd\src\app\pages\dashboard\dashboard.component.html
		..\..\..\Desktop\FrontEnd\src\app\pages\dashboard\dashboard.component.ts = ..\..\..\Desktop\FrontEnd\src\app\pages\dashboard\dashboard.component.ts
	EndProjectSection
EndProject
Project("{2150E333-8FDC-42A3-9474-1A3956D46DE8}") = "icons", "icons", "{BF2521BC-F9EF-42B4-812F-118D475BFC71}"
	ProjectSection(SolutionItems) = preProject
		..\..\..\Desktop\FrontEnd\src\app\pages\icons\icons.component.html = ..\..\..\Desktop\FrontEnd\src\app\pages\icons\icons.component.html
		..\..\..\Desktop\FrontEnd\src\app\pages\icons\icons.component.ts = ..\..\..\Desktop\FrontEnd\src\app\pages\icons\icons.component.ts
	EndProjectSection
EndProject
Project("{2150E333-8FDC-42A3-9474-1A3956D46DE8}") = "maps", "maps", "{CDBD297B-DFD2-4F57-90D3-696791F551F6}"
	ProjectSection(SolutionItems) = preProject
		..\..\..\Desktop\FrontEnd\src\app\pages\maps\maps.component.html = ..\..\..\Desktop\FrontEnd\src\app\pages\maps\maps.component.html
		..\..\..\Desktop\FrontEnd\src\app\pages\maps\maps.component.ts = ..\..\..\Desktop\FrontEnd\src\app\pages\maps\maps.component.ts
	EndProjectSection
EndProject
Project("{2150E333-8FDC-42A3-9474-1A3956D46DE8}") = "notifications", "notifications", "{28C61E87-8B42-4627-86F2-5DA9D7AF803F}"
	ProjectSection(SolutionItems) = preProject
		..\..\..\Desktop\FrontEnd\src\app\pages\notifications\notifications.component.html = ..\..\..\Desktop\FrontEnd\src\app\pages\notifications\notifications.component.html
		..\..\..\Desktop\FrontEnd\src\app\pages\notifications\notifications.component.ts = ..\..\..\Desktop\FrontEnd\src\app\pages\notifications\notifications.component.ts
	EndProjectSection
EndProject
Project("{2150E333-8FDC-42A3-9474-1A3956D46DE8}") = "table", "table", "{C5F82601-3284-4526-ADB5-A0F06614F718}"
	ProjectSection(SolutionItems) = preProject
		..\..\..\Desktop\FrontEnd\src\app\pages\table\table.component.html = ..\..\..\Desktop\FrontEnd\src\app\pages\table\table.component.html
		..\..\..\Desktop\FrontEnd\src\app\pages\table\table.component.ts = ..\..\..\Desktop\FrontEnd\src\app\pages\table\table.component.ts
	EndProjectSection
EndProject
Project("{2150E333-8FDC-42A3-9474-1A3956D46DE8}") = "typography", "typography", "{A0EBE157-EC73-4546-8993-49AB1A25CC3E}"
	ProjectSection(SolutionItems) = preProject
		..\..\..\Desktop\FrontEnd\src\app\pages\typography\typography.component.html = ..\..\..\Desktop\FrontEnd\src\app\pages\typography\typography.component.html
		..\..\..\Desktop\FrontEnd\src\app\pages\typography\typography.component.ts = ..\..\..\Desktop\FrontEnd\src\app\pages\typography\typography.component.ts
	EndProjectSection
EndProject
Project("{2150E333-8FDC-42A3-9474-1A3956D46DE8}") = "upgrade", "upgrade", "{DBCB8009-F2B4-4D49-814B-AD42AFE1058C}"
	ProjectSection(SolutionItems) = preProject
		..\..\..\Desktop\FrontEnd\src\app\pages\upgrade\upgrade.component.html = ..\..\..\Desktop\FrontEnd\src\app\pages\upgrade\upgrade.component.html
		..\..\..\Desktop\FrontEnd\src\app\pages\upgrade\upgrade.component.ts = ..\..\..\Desktop\FrontEnd\src\app\pages\upgrade\upgrade.component.ts
	EndProjectSection
EndProject
Project("{2150E333-8FDC-42A3-9474-1A3956D46DE8}") = "user", "user", "{E211AA8D-5483-47FB-B671-179895728071}"
	ProjectSection(SolutionItems) = preProject
		..\..\..\Desktop\FrontEnd\src\app\pages\user\user.component.html = ..\..\..\Desktop\FrontEnd\src\app\pages\user\user.component.html
		..\..\..\Desktop\FrontEnd\src\app\pages\user\user.component.ts = ..\..\..\Desktop\FrontEnd\src\app\pages\user\user.component.ts
	EndProjectSection
EndProject
Project("{2150E333-8FDC-42A3-9474-1A3956D46DE8}") = "shared", "shared", "{085A791D-192B-4E0B-AF8D-8B8CCECF0D94}"
EndProject
Project("{2150E333-8FDC-42A3-9474-1A3956D46DE8}") = "fixedplugin", "fixedplugin", "{17846A8E-8DFA-43D4-8683-B2465E0DDADD}"
	ProjectSection(SolutionItems) = preProject
		..\..\..\Desktop\FrontEnd\src\app\shared\fixedplugin\fixedplugin.component.html = ..\..\..\Desktop\FrontEnd\src\app\shared\fixedplugin\fixedplugin.component.html
		..\..\..\Desktop\FrontEnd\src\app\shared\fixedplugin\fixedplugin.component.ts = ..\..\..\Desktop\FrontEnd\src\app\shared\fixedplugin\fixedplugin.component.ts
		..\..\..\Desktop\FrontEnd\src\app\shared\fixedplugin\fixedplugin.module.ts = ..\..\..\Desktop\FrontEnd\src\app\shared\fixedplugin\fixedplugin.module.ts
	EndProjectSection
EndProject
Project("{2150E333-8FDC-42A3-9474-1A3956D46DE8}") = "footer", "footer", "{2DB3369A-8236-410B-AB65-FA014EFDDCA3}"
	ProjectSection(SolutionItems) = preProject
		..\..\..\Desktop\FrontEnd\src\app\shared\footer\footer.component.html = ..\..\..\Desktop\FrontEnd\src\app\shared\footer\footer.component.html
		..\..\..\Desktop\FrontEnd\src\app\shared\footer\footer.component.ts = ..\..\..\Desktop\FrontEnd\src\app\shared\footer\footer.component.ts
		..\..\..\Desktop\FrontEnd\src\app\shared\footer\footer.module.ts = ..\..\..\Desktop\FrontEnd\src\app\shared\footer\footer.module.ts
	EndProjectSection
EndProject
Project("{2150E333-8FDC-42A3-9474-1A3956D46DE8}") = "navbar", "navbar", "{5BFCD818-F192-449B-901F-A62983678D92}"
	ProjectSection(SolutionItems) = preProject
		..\..\..\Desktop\FrontEnd\src\app\shared\navbar\navbar.component.html = ..\..\..\Desktop\FrontEnd\src\app\shared\navbar\navbar.component.html
		..\..\..\Desktop\FrontEnd\src\app\shared\navbar\navbar.component.ts = ..\..\..\Desktop\FrontEnd\src\app\shared\navbar\navbar.component.ts
		..\..\..\Desktop\FrontEnd\src\app\shared\navbar\navbar.module.ts = ..\..\..\Desktop\FrontEnd\src\app\shared\navbar\navbar.module.ts
	EndProjectSection
EndProject
Project("{2150E333-8FDC-42A3-9474-1A3956D46DE8}") = "sidebar", "sidebar", "{9B1451AE-EA42-4390-A3ED-4FFE47FAC5FB}"
	ProjectSection(SolutionItems) = preProject
		..\..\..\Desktop\FrontEnd\src\app\sidebar\sidebar.component.html = ..\..\..\Desktop\FrontEnd\src\app\sidebar\sidebar.component.html
		..\..\..\Desktop\FrontEnd\src\app\sidebar\sidebar.component.ts = ..\..\..\Desktop\FrontEnd\src\app\sidebar\sidebar.component.ts
		..\..\..\Desktop\FrontEnd\src\app\sidebar\sidebar.module.ts = ..\..\..\Desktop\FrontEnd\src\app\sidebar\sidebar.module.ts
	EndProjectSection
EndProject
Project("{2150E333-8FDC-42A3-9474-1A3956D46DE8}") = "assets", "assets", "{90BB7EEA-A7A3-45D0-8F30-3337D02135C0}"
EndProject
Project("{2150E333-8FDC-42A3-9474-1A3956D46DE8}") = "css", "css", "{EBF83492-5C76-43DB-9AF6-5F3F255B229D}"
	ProjectSection(SolutionItems) = preProject
		..\..\..\Desktop\FrontEnd\src\assets\css\demo.css = ..\..\..\Desktop\FrontEnd\src\assets\css\demo.css
	EndProjectSection
EndProject
Project("{2150E333-8FDC-42A3-9474-1A3956D46DE8}") = "fonts", "fonts", "{0182D912-BCB7-4976-A9E1-9F7E8224D0B1}"
	ProjectSection(SolutionItems) = preProject
		..\..\..\Desktop\FrontEnd\src\assets\fonts\nucleo-icons.eot = ..\..\..\Desktop\FrontEnd\src\assets\fonts\nucleo-icons.eot
		..\..\..\Desktop\FrontEnd\src\assets\fonts\nucleo-icons.ttf = ..\..\..\Desktop\FrontEnd\src\assets\fonts\nucleo-icons.ttf
		..\..\..\Desktop\FrontEnd\src\assets\fonts\nucleo-icons.woff = ..\..\..\Desktop\FrontEnd\src\assets\fonts\nucleo-icons.woff
		..\..\..\Desktop\FrontEnd\src\assets\fonts\nucleo-icons.woff2 = ..\..\..\Desktop\FrontEnd\src\assets\fonts\nucleo-icons.woff2
	EndProjectSection
EndProject
Project("{2150E333-8FDC-42A3-9474-1A3956D46DE8}") = "img", "img", "{67C52403-E3C2-4810-A85E-2CB6B855F173}"
	ProjectSection(SolutionItems) = preProject
		..\..\..\Desktop\FrontEnd\src\assets\img\angular.png = ..\..\..\Desktop\FrontEnd\src\assets\img\angular.png
		..\..\..\Desktop\FrontEnd\src\assets\img\angular2-logo-white.png = ..\..\..\Desktop\FrontEnd\src\assets\img\angular2-logo-white.png
		..\..\..\Desktop\FrontEnd\src\assets\img\angular2-logo.png = ..\..\..\Desktop\FrontEnd\src\assets\img\angular2-logo.png
		..\..\..\Desktop\FrontEnd\src\assets\img\apple-icon.png = ..\..\..\Desktop\FrontEnd\src\assets\img\apple-icon.png
		..\..\..\Desktop\FrontEnd\src\assets\img\bg5.jpg = ..\..\..\Desktop\FrontEnd\src\assets\img\bg5.jpg
		..\..\..\Desktop\FrontEnd\src\assets\img\damir-bosnjak.jpg = ..\..\..\Desktop\FrontEnd\src\assets\img\damir-bosnjak.jpg
		..\..\..\Desktop\FrontEnd\src\assets\img\default-avatar.png = ..\..\..\Desktop\FrontEnd\src\assets\img\default-avatar.png
		..\..\..\Desktop\FrontEnd\src\assets\img\favicon.png = ..\..\..\Desktop\FrontEnd\src\assets\img\favicon.png
		..\..\..\Desktop\FrontEnd\src\assets\img\header.jpg = ..\..\..\Desktop\FrontEnd\src\assets\img\header.jpg
		..\..\..\Desktop\FrontEnd\src\assets\img\jan-sendereks.jpg = ..\..\..\Desktop\FrontEnd\src\assets\img\jan-sendereks.jpg
		..\..\..\Desktop\FrontEnd\src\assets\img\logo-small.png = ..\..\..\Desktop\FrontEnd\src\assets\img\logo-small.png
		..\..\..\Desktop\FrontEnd\src\assets\img\mike.jpg = ..\..\..\Desktop\FrontEnd\src\assets\img\mike.jpg
	EndProjectSection
EndProject
Project("{2150E333-8FDC-42A3-9474-1A3956D46DE8}") = "faces", "faces", "{2B7E0109-0F08-44F2-80BB-35BF96BE2483}"
	ProjectSection(SolutionItems) = preProject
		..\..\..\Desktop\FrontEnd\src\assets\img\faces\ayo-ogunseinde-1.jpg = ..\..\..\Desktop\FrontEnd\src\assets\img\faces\ayo-ogunseinde-1.jpg
		..\..\..\Desktop\FrontEnd\src\assets\img\faces\ayo-ogunseinde-2.jpg = ..\..\..\Desktop\FrontEnd\src\assets\img\faces\ayo-ogunseinde-2.jpg
		..\..\..\Desktop\FrontEnd\src\assets\img\faces\clem-onojeghuo-1.jpg = ..\..\..\Desktop\FrontEnd\src\assets\img\faces\clem-onojeghuo-1.jpg
		..\..\..\Desktop\FrontEnd\src\assets\img\faces\clem-onojeghuo-2.jpg = ..\..\..\Desktop\FrontEnd\src\assets\img\faces\clem-onojeghuo-2.jpg
		..\..\..\Desktop\FrontEnd\src\assets\img\faces\clem-onojeghuo-3.jpg = ..\..\..\Desktop\FrontEnd\src\assets\img\faces\clem-onojeghuo-3.jpg
		..\..\..\Desktop\FrontEnd\src\assets\img\faces\clem-onojeghuo-4.jpg = ..\..\..\Desktop\FrontEnd\src\assets\img\faces\clem-onojeghuo-4.jpg
		..\..\..\Desktop\FrontEnd\src\assets\img\faces\erik-lucatero-1.jpg = ..\..\..\Desktop\FrontEnd\src\assets\img\faces\erik-lucatero-1.jpg
		..\..\..\Desktop\FrontEnd\src\assets\img\faces\erik-lucatero-2.jpg = ..\..\..\Desktop\FrontEnd\src\assets\img\faces\erik-lucatero-2.jpg
		..\..\..\Desktop\FrontEnd\src\assets\img\faces\joe-gardner-1.jpg = ..\..\..\Desktop\FrontEnd\src\assets\img\faces\joe-gardner-1.jpg
		..\..\..\Desktop\FrontEnd\src\assets\img\faces\joe-gardner-2.jpg = ..\..\..\Desktop\FrontEnd\src\assets\img\faces\joe-gardner-2.jpg
		..\..\..\Desktop\FrontEnd\src\assets\img\faces\kaci-baum-1.jpg = ..\..\..\Desktop\FrontEnd\src\assets\img\faces\kaci-baum-1.jpg
		..\..\..\Desktop\FrontEnd\src\assets\img\faces\kaci-baum-2.jpg = ..\..\..\Desktop\FrontEnd\src\assets\img\faces\kaci-baum-2.jpg
	EndProjectSection
EndProject
Project("{2150E333-8FDC-42A3-9474-1A3956D46DE8}") = "scss", "scss", "{D59F8543-2435-467D-A8D0-2BA8ED39712E}"
	ProjectSection(SolutionItems) = preProject
		..\..\..\Desktop\FrontEnd\src\assets\scss\paper-dashboard.scss = ..\..\..\Desktop\FrontEnd\src\assets\scss\paper-dashboard.scss
	EndProjectSection
EndProject
Project("{2150E333-8FDC-42A3-9474-1A3956D46DE8}") = "paper-dashboard", "paper-dashboard", "{D8335EEC-38E3-4DA7-A893-2A41CE8A9AA9}"
	ProjectSection(SolutionItems) = preProject
		..\..\..\Desktop\FrontEnd\src\assets\scss\paper-dashboard\_alerts.scss = ..\..\..\Desktop\FrontEnd\src\assets\scss\paper-dashboard\_alerts.scss
		..\..\..\Desktop\FrontEnd\src\assets\scss\paper-dashboard\_animated-buttons.scss = ..\..\..\Desktop\FrontEnd\src\assets\scss\paper-dashboard\_animated-buttons.scss
		..\..\..\Desktop\FrontEnd\src\assets\scss\paper-dashboard\_buttons.scss = ..\..\..\Desktop\FrontEnd\src\assets\scss\paper-dashboard\_buttons.scss
		..\..\..\Desktop\FrontEnd\src\assets\scss\paper-dashboard\_cards.scss = ..\..\..\Desktop\FrontEnd\src\assets\scss\paper-dashboard\_cards.scss
		..\..\..\Desktop\FrontEnd\src\assets\scss\paper-dashboard\_checkboxes-radio.scss = ..\..\..\Desktop\FrontEnd\src\assets\scss\paper-dashboard\_checkboxes-radio.scss
		..\..\..\Desktop\FrontEnd\src\assets\scss\paper-dashboard\_dropdown.scss = ..\..\..\Desktop\FrontEnd\src\assets\scss\paper-dashboard\_dropdown.scss
		..\..\..\Desktop\FrontEnd\src\assets\scss\paper-dashboard\_fixed-plugin.scss = ..\..\..\Desktop\FrontEnd\src\assets\scss\paper-dashboard\_fixed-plugin.scss
		..\..\..\Desktop\FrontEnd\src\assets\scss\paper-dashboard\_footers.scss = ..\..\..\Desktop\FrontEnd\src\assets\scss\paper-dashboard\_footers.scss
		..\..\..\Desktop\FrontEnd\src\assets\scss\paper-dashboard\_images.scss = ..\..\..\Desktop\FrontEnd\src\assets\scss\paper-dashboard\_images.scss
		..\..\..\Desktop\FrontEnd\src\assets\scss\paper-dashboard\_inputs.scss = ..\..\..\Desktop\FrontEnd\src\assets\scss\paper-dashboard\_inputs.scss
		..\..\..\Desktop\FrontEnd\src\assets\scss\paper-dashboard\_misc.scss = ..\..\..\Desktop\FrontEnd\src\assets\scss\paper-dashboard\_misc.scss
		..\..\..\Desktop\FrontEnd\src\assets\scss\paper-dashboard\_mixins.scss = ..\..\..\Desktop\FrontEnd\src\assets\scss\paper-dashboard\_mixins.scss
		..\..\..\Desktop\FrontEnd\src\assets\scss\paper-dashboard\_navbar.scss = ..\..\..\Desktop\FrontEnd\src\assets\scss\paper-dashboard\_navbar.scss
		..\..\..\Desktop\FrontEnd\src\assets\scss\paper-dashboard\_nucleo-outline.scss = ..\..\..\Desktop\FrontEnd\src\assets\scss\paper-dashboard\_nucleo-outline.scss
		..\..\..\Desktop\FrontEnd\src\assets\scss\paper-dashboard\_page-header.scss = ..\..\..\Desktop\FrontEnd\src\assets\scss\paper-dashboard\_page-header.scss
		..\..\..\Desktop\FrontEnd\src\assets\scss\paper-dashboard\_responsive.scss = ..\..\..\Desktop\FrontEnd\src\assets\scss\paper-dashboard\_responsive.scss
		..\..\..\Desktop\FrontEnd\src\assets\scss\paper-dashboard\_sidebar-and-main-panel.scss = ..\..\..\Desktop\FrontEnd\src\assets\scss\paper-dashboard\_sidebar-and-main-panel.scss
		..\..\..\Desktop\FrontEnd\src\assets\scss\paper-dashboard\_tables.scss = ..\..\..\Desktop\FrontEnd\src\assets\scss\paper-dashboard\_tables.scss
		..\..\..\Desktop\FrontEnd\src\assets\scss\paper-dashboard\_typography.scss = ..\..\..\Desktop\FrontEnd\src\assets\scss\paper-dashboard\_typography.scss
		..\..\..\Desktop\FrontEnd\src\assets\scss\paper-dashboard\_variables.scss = ..\..\..\Desktop\FrontEnd\src\assets\scss\paper-dashboard\_variables.scss
	EndProjectSection
EndProject
Project("{2150E333-8FDC-42A3-9474-1A3956D46DE8}") = "angular", "angular", "{190C0C4B-E6CF-4A68-AD80-B857AACC2603}"
	ProjectSection(SolutionItems) = preProject
		..\..\..\Desktop\FrontEnd\src\assets\scss\paper-dashboard\angular\_dropdown.scss = ..\..\..\Desktop\FrontEnd\src\assets\scss\paper-dashboard\angular\_dropdown.scss
		..\..\..\Desktop\FrontEnd\src\assets\scss\paper-dashboard\angular\_fixed-plugin.scss = ..\..\..\Desktop\FrontEnd\src\assets\scss\paper-dashboard\angular\_fixed-plugin.scss
		..\..\..\Desktop\FrontEnd\src\assets\scss\paper-dashboard\angular\_inputs.scss = ..\..\..\Desktop\FrontEnd\src\assets\scss\paper-dashboard\angular\_inputs.scss
		..\..\..\Desktop\FrontEnd\src\assets\scss\paper-dashboard\angular\_plugin-ngx-toastr.scss = ..\..\..\Desktop\FrontEnd\src\assets\scss\paper-dashboard\angular\_plugin-ngx-toastr.scss
		..\..\..\Desktop\FrontEnd\src\assets\scss\paper-dashboard\angular\_sidebar-and-main-panel.scss = ..\..\..\Desktop\FrontEnd\src\assets\scss\paper-dashboard\angular\_sidebar-and-main-panel.scss
	EndProjectSection
EndProject
Project("{2150E333-8FDC-42A3-9474-1A3956D46DE8}") = "cards", "cards", "{71D21AD2-0D62-46D0-9EDC-61E619384D6A}"
	ProjectSection(SolutionItems) = preProject
		..\..\..\Desktop\FrontEnd\src\assets\scss\paper-dashboard\cards\_card-chart.scss = ..\..\..\Desktop\FrontEnd\src\assets\scss\paper-dashboard\cards\_card-chart.scss
		..\..\..\Desktop\FrontEnd\src\assets\scss\paper-dashboard\cards\_card-map.scss = ..\..\..\Desktop\FrontEnd\src\assets\scss\paper-dashboard\cards\_card-map.scss
		..\..\..\Desktop\FrontEnd\src\assets\scss\paper-dashboard\cards\_card-plain.scss = ..\..\..\Desktop\FrontEnd\src\assets\scss\paper-dashboard\cards\_card-plain.scss
		..\..\..\Desktop\FrontEnd\src\assets\scss\paper-dashboard\cards\_card-stats.scss = ..\..\..\Desktop\FrontEnd\src\assets\scss\paper-dashboard\cards\_card-stats.scss
		..\..\..\Desktop\FrontEnd\src\assets\scss\paper-dashboard\cards\_card-user.scss = ..\..\..\Desktop\FrontEnd\src\assets\scss\paper-dashboard\cards\_card-user.scss
	EndProjectSection
EndProject
Project("{2150E333-8FDC-42A3-9474-1A3956D46DE8}") = "mixins", "mixins", "{2AB1D827-04DC-4425-94F8-30EA195841A8}"
	ProjectSection(SolutionItems) = preProject
		..\..\..\Desktop\FrontEnd\src\assets\scss\paper-dashboard\mixins\_buttons.scss = ..\..\..\Desktop\FrontEnd\src\assets\scss\paper-dashboard\mixins\_buttons.scss
		..\..\..\Desktop\FrontEnd\src\assets\scss\paper-dashboard\mixins\_cards.scss = ..\..\..\Desktop\FrontEnd\src\assets\scss\paper-dashboard\mixins\_cards.scss
		..\..\..\Desktop\FrontEnd\src\assets\scss\paper-dashboard\mixins\_dropdown.scss = ..\..\..\Desktop\FrontEnd\src\assets\scss\paper-dashboard\mixins\_dropdown.scss
		..\..\..\Desktop\FrontEnd\src\assets\scss\paper-dashboard\mixins\_inputs.scss = ..\..\..\Desktop\FrontEnd\src\assets\scss\paper-dashboard\mixins\_inputs.scss
		..\..\..\Desktop\FrontEnd\src\assets\scss\paper-dashboard\mixins\_page-header.scss = ..\..\..\Desktop\FrontEnd\src\assets\scss\paper-dashboard\mixins\_page-header.scss
		..\..\..\Desktop\FrontEnd\src\assets\scss\paper-dashboard\mixins\_transparency.scss = ..\..\..\Desktop\FrontEnd\src\assets\scss\paper-dashboard\mixins\_transparency.scss
		..\..\..\Desktop\FrontEnd\src\assets\scss\paper-dashboard\mixins\_vendor-prefixes.scss = ..\..\..\Desktop\FrontEnd\src\assets\scss\paper-dashboard\mixins\_vendor-prefixes.scss
	EndProjectSection
EndProject
Project("{2150E333-8FDC-42A3-9474-1A3956D46DE8}") = "plugins", "plugins", "{169E76E7-960D-4699-A191-2DF6AB62678B}"
	ProjectSection(SolutionItems) = preProject
		..\..\..\Desktop\FrontEnd\src\assets\scss\paper-dashboard\plugins\_plugin-animate-bootstrap-notify.scss = ..\..\..\Desktop\FrontEnd\src\assets\scss\paper-dashboard\plugins\_plugin-animate-bootstrap-notify.scss
		..\..\..\Desktop\FrontEnd\src\assets\scss\paper-dashboard\plugins\_plugin-perfect-scrollbar.scss = ..\..\..\Desktop\FrontEnd\src\assets\scss\paper-dashboard\plugins\_plugin-perfect-scrollbar.scss
	EndProjectSection
EndProject
Project("{2150E333-8FDC-42A3-9474-1A3956D46DE8}") = "environments", "environments", "{9E61E159-9AB3-4354-8C1E-0009CA8BB46A}"
	ProjectSection(SolutionItems) = preProject
		..\..\..\Desktop\FrontEnd\src\environments\environment.prod.ts = ..\..\..\Desktop\FrontEnd\src\environments\environment.prod.ts
		..\..\..\Desktop\FrontEnd\src\environments\environment.ts = ..\..\..\Desktop\FrontEnd\src\environments\environment.ts
	EndProjectSection
EndProject
Global
	GlobalSection(SolutionConfigurationPlatforms) = preSolution
		Debug|Any CPU = Debug|Any CPU
		Release|Any CPU = Release|Any CPU
	EndGlobalSection
	GlobalSection(ProjectConfigurationPlatforms) = postSolution
		{CA8AAEAC-CCE6-4900-BB67-BDF7AF70C011}.Debug|Any CPU.ActiveCfg = Debug|Any CPU
		{CA8AAEAC-CCE6-4900-BB67-BDF7AF70C011}.Debug|Any CPU.Build.0 = Debug|Any CPU
		{CA8AAEAC-CCE6-4900-BB67-BDF7AF70C011}.Release|Any CPU.ActiveCfg = Release|Any CPU
		{CA8AAEAC-CCE6-4900-BB67-BDF7AF70C011}.Release|Any CPU.Build.0 = Release|Any CPU
		{1EFC691B-C212-4CD8-9A43-62ADB6F2B3A8}.Debug|Any CPU.ActiveCfg = Debug|Any CPU
		{1EFC691B-C212-4CD8-9A43-62ADB6F2B3A8}.Debug|Any CPU.Build.0 = Debug|Any CPU
		{1EFC691B-C212-4CD8-9A43-62ADB6F2B3A8}.Release|Any CPU.ActiveCfg = Release|Any CPU
		{1EFC691B-C212-4CD8-9A43-62ADB6F2B3A8}.Release|Any CPU.Build.0 = Release|Any CPU
		{344AE82D-C680-4622-A99D-7A33D0779CF8}.Debug|Any CPU.ActiveCfg = Debug|Any CPU
		{344AE82D-C680-4622-A99D-7A33D0779CF8}.Debug|Any CPU.Build.0 = Debug|Any CPU
		{344AE82D-C680-4622-A99D-7A33D0779CF8}.Release|Any CPU.ActiveCfg = Release|Any CPU
		{344AE82D-C680-4622-A99D-7A33D0779CF8}.Release|Any CPU.Build.0 = Release|Any CPU
		{494688C8-DF42-4DE2-B384-CFF5E8DFAFF1}.Debug|Any CPU.ActiveCfg = Debug|Any CPU
		{494688C8-DF42-4DE2-B384-CFF5E8DFAFF1}.Debug|Any CPU.Build.0 = Debug|Any CPU
		{494688C8-DF42-4DE2-B384-CFF5E8DFAFF1}.Release|Any CPU.ActiveCfg = Release|Any CPU
		{494688C8-DF42-4DE2-B384-CFF5E8DFAFF1}.Release|Any CPU.Build.0 = Release|Any CPU
		{870E9900-4D24-4A40-B874-EE07FFFFAA47}.Debug|Any CPU.ActiveCfg = Debug|Any CPU
		{870E9900-4D24-4A40-B874-EE07FFFFAA47}.Debug|Any CPU.Build.0 = Debug|Any CPU
		{870E9900-4D24-4A40-B874-EE07FFFFAA47}.Release|Any CPU.ActiveCfg = Release|Any CPU
		{870E9900-4D24-4A40-B874-EE07FFFFAA47}.Release|Any CPU.Build.0 = Release|Any CPU
		{6A5D2342-8830-4031-9629-7817659330EB}.Debug|Any CPU.ActiveCfg = Debug|Any CPU
		{6A5D2342-8830-4031-9629-7817659330EB}.Debug|Any CPU.Build.0 = Debug|Any CPU
		{6A5D2342-8830-4031-9629-7817659330EB}.Release|Any CPU.ActiveCfg = Release|Any CPU
		{6A5D2342-8830-4031-9629-7817659330EB}.Release|Any CPU.Build.0 = Release|Any CPU
	EndGlobalSection
	GlobalSection(SolutionProperties) = preSolution
		HideSolutionNode = FALSE
	EndGlobalSection
	GlobalSection(NestedProjects) = preSolution
		{CA8AAEAC-CCE6-4900-BB67-BDF7AF70C011} = {D2EAB88D-929C-4487-A839-2E3F99057BBD}
		{1EFC691B-C212-4CD8-9A43-62ADB6F2B3A8} = {D2EAB88D-929C-4487-A839-2E3F99057BBD}
		{344AE82D-C680-4622-A99D-7A33D0779CF8} = {D2EAB88D-929C-4487-A839-2E3F99057BBD}
		{494688C8-DF42-4DE2-B384-CFF5E8DFAFF1} = {D2EAB88D-929C-4487-A839-2E3F99057BBD}
		{870E9900-4D24-4A40-B874-EE07FFFFAA47} = {D2EAB88D-929C-4487-A839-2E3F99057BBD}
		{6A5D2342-8830-4031-9629-7817659330EB} = {D2EAB88D-929C-4487-A839-2E3F99057BBD}
		{85CC2F56-FDD3-40D9-9CD9-EC2946489522} = {EE3F3048-FC18-4F4A-8054-FCFD95AD75FA}
		{80981187-65B0-4837-9218-29B50BD59EB6} = {EE3F3048-FC18-4F4A-8054-FCFD95AD75FA}
		{196B702B-72BB-4BD2-89D5-F694645D24AD} = {80981187-65B0-4837-9218-29B50BD59EB6}
		{39563862-56B6-42B7-8C40-CC464ACAD34A} = {196B702B-72BB-4BD2-89D5-F694645D24AD}
		{641D9E08-E212-4CD4-B0A1-0178DBBC96BF} = {39563862-56B6-42B7-8C40-CC464ACAD34A}
		{72B3DD11-8173-4247-B6DB-5A305F28331A} = {196B702B-72BB-4BD2-89D5-F694645D24AD}
		{F776FCA9-0C67-45B9-86F7-9ADE31DBA006} = {72B3DD11-8173-4247-B6DB-5A305F28331A}
		{BF2521BC-F9EF-42B4-812F-118D475BFC71} = {72B3DD11-8173-4247-B6DB-5A305F28331A}
		{CDBD297B-DFD2-4F57-90D3-696791F551F6} = {72B3DD11-8173-4247-B6DB-5A305F28331A}
		{28C61E87-8B42-4627-86F2-5DA9D7AF803F} = {72B3DD11-8173-4247-B6DB-5A305F28331A}
		{C5F82601-3284-4526-ADB5-A0F06614F718} = {72B3DD11-8173-4247-B6DB-5A305F28331A}
		{A0EBE157-EC73-4546-8993-49AB1A25CC3E} = {72B3DD11-8173-4247-B6DB-5A305F28331A}
		{DBCB8009-F2B4-4D49-814B-AD42AFE1058C} = {72B3DD11-8173-4247-B6DB-5A305F28331A}
		{E211AA8D-5483-47FB-B671-179895728071} = {72B3DD11-8173-4247-B6DB-5A305F28331A}
		{085A791D-192B-4E0B-AF8D-8B8CCECF0D94} = {196B702B-72BB-4BD2-89D5-F694645D24AD}
		{17846A8E-8DFA-43D4-8683-B2465E0DDADD} = {085A791D-192B-4E0B-AF8D-8B8CCECF0D94}
		{2DB3369A-8236-410B-AB65-FA014EFDDCA3} = {085A791D-192B-4E0B-AF8D-8B8CCECF0D94}
		{5BFCD818-F192-449B-901F-A62983678D92} = {085A791D-192B-4E0B-AF8D-8B8CCECF0D94}
		{9B1451AE-EA42-4390-A3ED-4FFE47FAC5FB} = {196B702B-72BB-4BD2-89D5-F694645D24AD}
		{90BB7EEA-A7A3-45D0-8F30-3337D02135C0} = {80981187-65B0-4837-9218-29B50BD59EB6}
		{EBF83492-5C76-43DB-9AF6-5F3F255B229D} = {90BB7EEA-A7A3-45D0-8F30-3337D02135C0}
		{0182D912-BCB7-4976-A9E1-9F7E8224D0B1} = {90BB7EEA-A7A3-45D0-8F30-3337D02135C0}
		{67C52403-E3C2-4810-A85E-2CB6B855F173} = {90BB7EEA-A7A3-45D0-8F30-3337D02135C0}
		{2B7E0109-0F08-44F2-80BB-35BF96BE2483} = {67C52403-E3C2-4810-A85E-2CB6B855F173}
		{D59F8543-2435-467D-A8D0-2BA8ED39712E} = {90BB7EEA-A7A3-45D0-8F30-3337D02135C0}
		{D8335EEC-38E3-4DA7-A893-2A41CE8A9AA9} = {D59F8543-2435-467D-A8D0-2BA8ED39712E}
		{190C0C4B-E6CF-4A68-AD80-B857AACC2603} = {D8335EEC-38E3-4DA7-A893-2A41CE8A9AA9}
		{71D21AD2-0D62-46D0-9EDC-61E619384D6A} = {D8335EEC-38E3-4DA7-A893-2A41CE8A9AA9}
		{2AB1D827-04DC-4425-94F8-30EA195841A8} = {D8335EEC-38E3-4DA7-A893-2A41CE8A9AA9}
		{169E76E7-960D-4699-A191-2DF6AB62678B} = {D8335EEC-38E3-4DA7-A893-2A41CE8A9AA9}
		{9E61E159-9AB3-4354-8C1E-0009CA8BB46A} = {80981187-65B0-4837-9218-29B50BD59EB6}
	EndGlobalSection
	GlobalSection(ExtensibilityGlobals) = postSolution
		SolutionGuid = {AF347162-E0AB-4A62-BF0A-248FB258AEE4}
	EndGlobalSection
EndGlobal
