
Microsoft Visual Studio Solution File, Format Version 12.00
# Visual Studio Version 16
VisualStudioVersion = 16.0.29806.167
MinimumVisualStudioVersion = 10.0.40219.1
Project("{2150E333-8FDC-42A3-9474-1A3956D46DE8}") = "BackEnd", "BackEnd", "{D2EAB88D-929C-4487-A839-2E3F99057BBD}"
EndProject
Project("{9A19103F-16F7-4668-BE54-9A1E7A4F7556}") = "DataAccess", "BackEnd\DataAccess\DataAccess.csproj", "{CA8AAEAC-CCE6-4900-BB67-BDF7AF70C011}"
EndProject
Project("{9A19103F-16F7-4668-BE54-9A1E7A4F7556}") = "Core", "BackEnd\Core\Core.csproj", "{1EFC691B-C212-4CD8-9A43-62ADB6F2B3A8}"
EndProject
Project("{9A19103F-16F7-4668-BE54-9A1E7A4F7556}") = "Api", "BackEnd\Api\Api.csproj", "{344AE82D-C680-4622-A99D-7A33D0779CF8}"
EndProject
Project("{9A19103F-16F7-4668-BE54-9A1E7A4F7556}") = "Application", "BackEnd\Business\Application.csproj", "{494688C8-DF42-4DE2-B384-CFF5E8DFAFF1}"
EndProject
Project("{9A19103F-16F7-4668-BE54-9A1E7A4F7556}") = "Entity", "BackEnd\Entity\Entity.csproj", "{870E9900-4D24-4A40-B874-EE07FFFFAA47}"
EndProject
Project("{9A19103F-16F7-4668-BE54-9A1E7A4F7556}") = "Domain", "BackEnd\Domain\Domain.csproj", "{6A5D2342-8830-4031-9629-7817659330EB}"
EndProject
Project("{2150E333-8FDC-42A3-9474-1A3956D46DE8}") = "FrontEnd", "FrontEnd", "{456F8DE5-AAAD-477B-A82A-A6BD090B2C03}"
	ProjectSection(SolutionItems) = preProject
		FrontEnd\.editorconfig = FrontEnd\.editorconfig
		FrontEnd\.gitignore = FrontEnd\.gitignore
		FrontEnd\angular.json = FrontEnd\angular.json
		FrontEnd\browserslist = FrontEnd\browserslist
		FrontEnd\CHANGELOG.md = FrontEnd\CHANGELOG.md
		FrontEnd\ISSUE_TEMPLATE.md = FrontEnd\ISSUE_TEMPLATE.md
		FrontEnd\karma.conf.js = FrontEnd\karma.conf.js
		Komutlar.txt = Komutlar.txt
		FrontEnd\LICENSE.md = FrontEnd\LICENSE.md
		FrontEnd\package.json = FrontEnd\package.json
		FrontEnd\protractor.conf.js = FrontEnd\protractor.conf.js
		FrontEnd\README.md = FrontEnd\README.md
		FrontEnd\tsconfig.json = FrontEnd\tsconfig.json
		FrontEnd\tslint.json = FrontEnd\tslint.json
	EndProjectSection
EndProject
Project("{2150E333-8FDC-42A3-9474-1A3956D46DE8}") = "e2e", "e2e", "{954BE74F-2B8E-483D-94DE-DE73472E1E07}"
	ProjectSection(SolutionItems) = preProject
		FrontEnd\e2e\app.e2e-spec.ts = FrontEnd\e2e\app.e2e-spec.ts
		FrontEnd\e2e\app.po.ts = FrontEnd\e2e\app.po.ts
		FrontEnd\e2e\tsconfig.e2e.json = FrontEnd\e2e\tsconfig.e2e.json
	EndProjectSection
EndProject
Project("{2150E333-8FDC-42A3-9474-1A3956D46DE8}") = "src", "src", "{9B87F131-1C62-4266-A78E-63E8FDEB71F8}"
	ProjectSection(SolutionItems) = preProject
		FrontEnd\src\favicon.ico = FrontEnd\src\favicon.ico
		FrontEnd\src\index.html = FrontEnd\src\index.html
		FrontEnd\src\main.ts = FrontEnd\src\main.ts
		FrontEnd\src\polyfills.ts = FrontEnd\src\polyfills.ts
		FrontEnd\src\styles.css = FrontEnd\src\styles.css
		FrontEnd\src\test.ts = FrontEnd\src\test.ts
		FrontEnd\src\tsconfig.app.json = FrontEnd\src\tsconfig.app.json
		FrontEnd\src\tsconfig.spec.json = FrontEnd\src\tsconfig.spec.json
		FrontEnd\src\typings.d.ts = FrontEnd\src\typings.d.ts
	EndProjectSection
EndProject
Project("{2150E333-8FDC-42A3-9474-1A3956D46DE8}") = "app", "app", "{BE598A29-6993-4548-8AC2-9107BD34F4D1}"
	ProjectSection(SolutionItems) = preProject
		FrontEnd\src\app\app.component.css = FrontEnd\src\app\app.component.css
		FrontEnd\src\app\app.component.html = FrontEnd\src\app\app.component.html
		FrontEnd\src\app\app.component.spec.ts = FrontEnd\src\app\app.component.spec.ts
		FrontEnd\src\app\app.component.ts = FrontEnd\src\app\app.component.ts
		FrontEnd\src\app\app.module.ts = FrontEnd\src\app\app.module.ts
		FrontEnd\src\app\app.routing.ts = FrontEnd\src\app\app.routing.ts
	EndProjectSection
EndProject
Project("{2150E333-8FDC-42A3-9474-1A3956D46DE8}") = "layouts", "layouts", "{03061D8E-C0A8-4747-B188-4DBE2520F793}"
EndProject
Project("{2150E333-8FDC-42A3-9474-1A3956D46DE8}") = "admin-layout", "admin-layout", "{53ACF9B9-4C1D-4F6F-9E3D-D6C66ABF29D0}"
	ProjectSection(SolutionItems) = preProject
		FrontEnd\src\app\layouts\admin-layout\admin-layout.component.html = FrontEnd\src\app\layouts\admin-layout\admin-layout.component.html
		FrontEnd\src\app\layouts\admin-layout\admin-layout.component.scss = FrontEnd\src\app\layouts\admin-layout\admin-layout.component.scss
		FrontEnd\src\app\layouts\admin-layout\admin-layout.component.spec.ts = FrontEnd\src\app\layouts\admin-layout\admin-layout.component.spec.ts
		FrontEnd\src\app\layouts\admin-layout\admin-layout.component.ts = FrontEnd\src\app\layouts\admin-layout\admin-layout.component.ts
		FrontEnd\src\app\layouts\admin-layout\admin-layout.module.ts = FrontEnd\src\app\layouts\admin-layout\admin-layout.module.ts
		FrontEnd\src\app\layouts\admin-layout\admin-layout.routing.ts = FrontEnd\src\app\layouts\admin-layout\admin-layout.routing.ts
	EndProjectSection
EndProject
Project("{2150E333-8FDC-42A3-9474-1A3956D46DE8}") = "pages", "pages", "{7E7E4C56-2E61-44F6-9C9A-46E9CA9BEF7C}"
EndProject
Project("{2150E333-8FDC-42A3-9474-1A3956D46DE8}") = "dashboard", "dashboard", "{916EA4BC-3BA7-4A49-8401-7086177390CC}"
	ProjectSection(SolutionItems) = preProject
		FrontEnd\src\app\pages\dashboard\dashboard.component.html = FrontEnd\src\app\pages\dashboard\dashboard.component.html
		FrontEnd\src\app\pages\dashboard\dashboard.component.ts = FrontEnd\src\app\pages\dashboard\dashboard.component.ts
	EndProjectSection
EndProject
Project("{2150E333-8FDC-42A3-9474-1A3956D46DE8}") = "icons", "icons", "{A795D3B0-7980-4894-BC49-2A69E02CE08C}"
	ProjectSection(SolutionItems) = preProject
		FrontEnd\src\app\pages\icons\icons.component.html = FrontEnd\src\app\pages\icons\icons.component.html
		FrontEnd\src\app\pages\icons\icons.component.ts = FrontEnd\src\app\pages\icons\icons.component.ts
	EndProjectSection
EndProject
Project("{2150E333-8FDC-42A3-9474-1A3956D46DE8}") = "maps", "maps", "{3269DC3A-4C39-482D-8BA0-E1495160418D}"
	ProjectSection(SolutionItems) = preProject
		FrontEnd\src\app\pages\maps\maps.component.html = FrontEnd\src\app\pages\maps\maps.component.html
		FrontEnd\src\app\pages\maps\maps.component.ts = FrontEnd\src\app\pages\maps\maps.component.ts
	EndProjectSection
EndProject
Project("{2150E333-8FDC-42A3-9474-1A3956D46DE8}") = "notifications", "notifications", "{97DE4906-9137-481D-B786-0EFD2E6ACB7F}"
	ProjectSection(SolutionItems) = preProject
		FrontEnd\src\app\pages\notifications\notifications.component.html = FrontEnd\src\app\pages\notifications\notifications.component.html
		FrontEnd\src\app\pages\notifications\notifications.component.ts = FrontEnd\src\app\pages\notifications\notifications.component.ts
	EndProjectSection
EndProject
Project("{2150E333-8FDC-42A3-9474-1A3956D46DE8}") = "table", "table", "{0B9382C7-FE34-44A3-A5F9-350183CE4B6E}"
	ProjectSection(SolutionItems) = preProject
		FrontEnd\src\app\pages\table\table.component.html = FrontEnd\src\app\pages\table\table.component.html
		FrontEnd\src\app\pages\table\table.component.ts = FrontEnd\src\app\pages\table\table.component.ts
	EndProjectSection
EndProject
Project("{2150E333-8FDC-42A3-9474-1A3956D46DE8}") = "typography", "typography", "{4DD4E21C-73FE-4F1D-ADEA-20E622B1AA57}"
	ProjectSection(SolutionItems) = preProject
		FrontEnd\src\app\pages\typography\typography.component.html = FrontEnd\src\app\pages\typography\typography.component.html
		FrontEnd\src\app\pages\typography\typography.component.ts = FrontEnd\src\app\pages\typography\typography.component.ts
	EndProjectSection
EndProject
Project("{2150E333-8FDC-42A3-9474-1A3956D46DE8}") = "upgrade", "upgrade", "{CB884F2F-92E9-4584-A4C0-55DB0E152AD2}"
	ProjectSection(SolutionItems) = preProject
		FrontEnd\src\app\pages\upgrade\upgrade.component.html = FrontEnd\src\app\pages\upgrade\upgrade.component.html
		FrontEnd\src\app\pages\upgrade\upgrade.component.ts = FrontEnd\src\app\pages\upgrade\upgrade.component.ts
	EndProjectSection
EndProject
Project("{2150E333-8FDC-42A3-9474-1A3956D46DE8}") = "user", "user", "{B2F98BD6-3FF0-4508-AC2B-A9C313FB7900}"
	ProjectSection(SolutionItems) = preProject
		FrontEnd\src\app\pages\user\user.component.html = FrontEnd\src\app\pages\user\user.component.html
		FrontEnd\src\app\pages\user\user.component.ts = FrontEnd\src\app\pages\user\user.component.ts
	EndProjectSection
EndProject
Project("{2150E333-8FDC-42A3-9474-1A3956D46DE8}") = "shared", "shared", "{EAEFF870-4616-47BC-94A4-5B75650B3055}"
EndProject
Project("{2150E333-8FDC-42A3-9474-1A3956D46DE8}") = "fixedplugin", "fixedplugin", "{26A496E3-8055-4F8D-A7D3-D2F026BC3DFF}"
	ProjectSection(SolutionItems) = preProject
		FrontEnd\src\app\shared\fixedplugin\fixedplugin.component.html = FrontEnd\src\app\shared\fixedplugin\fixedplugin.component.html
		FrontEnd\src\app\shared\fixedplugin\fixedplugin.component.ts = FrontEnd\src\app\shared\fixedplugin\fixedplugin.component.ts
		FrontEnd\src\app\shared\fixedplugin\fixedplugin.module.ts = FrontEnd\src\app\shared\fixedplugin\fixedplugin.module.ts
	EndProjectSection
EndProject
Project("{2150E333-8FDC-42A3-9474-1A3956D46DE8}") = "footer", "footer", "{B995CDBE-22D2-46D5-9D5E-0062AA9A2384}"
	ProjectSection(SolutionItems) = preProject
		FrontEnd\src\app\shared\footer\footer.component.html = FrontEnd\src\app\shared\footer\footer.component.html
		FrontEnd\src\app\shared\footer\footer.component.ts = FrontEnd\src\app\shared\footer\footer.component.ts
		FrontEnd\src\app\shared\footer\footer.module.ts = FrontEnd\src\app\shared\footer\footer.module.ts
	EndProjectSection
EndProject
Project("{2150E333-8FDC-42A3-9474-1A3956D46DE8}") = "navbar", "navbar", "{7A91E390-8BDF-488C-B725-DB4C0BFFC103}"
	ProjectSection(SolutionItems) = preProject
		FrontEnd\src\app\shared\navbar\navbar.component.html = FrontEnd\src\app\shared\navbar\navbar.component.html
		FrontEnd\src\app\shared\navbar\navbar.component.ts = FrontEnd\src\app\shared\navbar\navbar.component.ts
		FrontEnd\src\app\shared\navbar\navbar.module.ts = FrontEnd\src\app\shared\navbar\navbar.module.ts
	EndProjectSection
EndProject
Project("{2150E333-8FDC-42A3-9474-1A3956D46DE8}") = "sidebar", "sidebar", "{75F60EC7-3338-4FEC-86D5-B19298227D04}"
	ProjectSection(SolutionItems) = preProject
		FrontEnd\src\app\sidebar\sidebar.component.html = FrontEnd\src\app\sidebar\sidebar.component.html
		FrontEnd\src\app\sidebar\sidebar.component.ts = FrontEnd\src\app\sidebar\sidebar.component.ts
		FrontEnd\src\app\sidebar\sidebar.module.ts = FrontEnd\src\app\sidebar\sidebar.module.ts
	EndProjectSection
EndProject
Project("{2150E333-8FDC-42A3-9474-1A3956D46DE8}") = "assets", "assets", "{1A1C907E-53B5-421A-AE61-EC063B012D59}"
EndProject
Project("{2150E333-8FDC-42A3-9474-1A3956D46DE8}") = "css", "css", "{A3F37AE6-5B24-450D-96EE-69C25B0FC1A5}"
	ProjectSection(SolutionItems) = preProject
		FrontEnd\src\assets\css\demo.css = FrontEnd\src\assets\css\demo.css
	EndProjectSection
EndProject
Project("{2150E333-8FDC-42A3-9474-1A3956D46DE8}") = "fonts", "fonts", "{FBE42F64-C24B-48CB-847E-9E8665138E34}"
	ProjectSection(SolutionItems) = preProject
		FrontEnd\src\assets\fonts\nucleo-icons.eot = FrontEnd\src\assets\fonts\nucleo-icons.eot
		FrontEnd\src\assets\fonts\nucleo-icons.ttf = FrontEnd\src\assets\fonts\nucleo-icons.ttf
		FrontEnd\src\assets\fonts\nucleo-icons.woff = FrontEnd\src\assets\fonts\nucleo-icons.woff
		FrontEnd\src\assets\fonts\nucleo-icons.woff2 = FrontEnd\src\assets\fonts\nucleo-icons.woff2
	EndProjectSection
EndProject
Project("{2150E333-8FDC-42A3-9474-1A3956D46DE8}") = "img", "img", "{6A923977-DBD3-4C92-A951-F7225B5FC1AF}"
	ProjectSection(SolutionItems) = preProject
		FrontEnd\src\assets\img\angular.png = FrontEnd\src\assets\img\angular.png
		FrontEnd\src\assets\img\angular2-logo-white.png = FrontEnd\src\assets\img\angular2-logo-white.png
		FrontEnd\src\assets\img\angular2-logo.png = FrontEnd\src\assets\img\angular2-logo.png
		FrontEnd\src\assets\img\apple-icon.png = FrontEnd\src\assets\img\apple-icon.png
		FrontEnd\src\assets\img\bg5.jpg = FrontEnd\src\assets\img\bg5.jpg
		FrontEnd\src\assets\img\damir-bosnjak.jpg = FrontEnd\src\assets\img\damir-bosnjak.jpg
		FrontEnd\src\assets\img\default-avatar.png = FrontEnd\src\assets\img\default-avatar.png
		FrontEnd\src\assets\img\favicon.png = FrontEnd\src\assets\img\favicon.png
		FrontEnd\src\assets\img\header.jpg = FrontEnd\src\assets\img\header.jpg
		FrontEnd\src\assets\img\jan-sendereks.jpg = FrontEnd\src\assets\img\jan-sendereks.jpg
		FrontEnd\src\assets\img\logo-small.png = FrontEnd\src\assets\img\logo-small.png
		FrontEnd\src\assets\img\mike.jpg = FrontEnd\src\assets\img\mike.jpg
	EndProjectSection
EndProject
Project("{2150E333-8FDC-42A3-9474-1A3956D46DE8}") = "faces", "faces", "{A26A195F-FB7E-4CFB-96D2-D95B0AB5ABD5}"
	ProjectSection(SolutionItems) = preProject
		FrontEnd\src\assets\img\faces\ayo-ogunseinde-1.jpg = FrontEnd\src\assets\img\faces\ayo-ogunseinde-1.jpg
		FrontEnd\src\assets\img\faces\ayo-ogunseinde-2.jpg = FrontEnd\src\assets\img\faces\ayo-ogunseinde-2.jpg
		FrontEnd\src\assets\img\faces\clem-onojeghuo-1.jpg = FrontEnd\src\assets\img\faces\clem-onojeghuo-1.jpg
		FrontEnd\src\assets\img\faces\clem-onojeghuo-2.jpg = FrontEnd\src\assets\img\faces\clem-onojeghuo-2.jpg
		FrontEnd\src\assets\img\faces\clem-onojeghuo-3.jpg = FrontEnd\src\assets\img\faces\clem-onojeghuo-3.jpg
		FrontEnd\src\assets\img\faces\clem-onojeghuo-4.jpg = FrontEnd\src\assets\img\faces\clem-onojeghuo-4.jpg
		FrontEnd\src\assets\img\faces\erik-lucatero-1.jpg = FrontEnd\src\assets\img\faces\erik-lucatero-1.jpg
		FrontEnd\src\assets\img\faces\erik-lucatero-2.jpg = FrontEnd\src\assets\img\faces\erik-lucatero-2.jpg
		FrontEnd\src\assets\img\faces\joe-gardner-1.jpg = FrontEnd\src\assets\img\faces\joe-gardner-1.jpg
		FrontEnd\src\assets\img\faces\joe-gardner-2.jpg = FrontEnd\src\assets\img\faces\joe-gardner-2.jpg
		FrontEnd\src\assets\img\faces\kaci-baum-1.jpg = FrontEnd\src\assets\img\faces\kaci-baum-1.jpg
		FrontEnd\src\assets\img\faces\kaci-baum-2.jpg = FrontEnd\src\assets\img\faces\kaci-baum-2.jpg
	EndProjectSection
EndProject
Project("{2150E333-8FDC-42A3-9474-1A3956D46DE8}") = "scss", "scss", "{B0077F05-18FF-451F-A4AB-317C5D447630}"
	ProjectSection(SolutionItems) = preProject
		FrontEnd\src\assets\scss\paper-dashboard.scss = FrontEnd\src\assets\scss\paper-dashboard.scss
	EndProjectSection
EndProject
Project("{2150E333-8FDC-42A3-9474-1A3956D46DE8}") = "paper-dashboard", "paper-dashboard", "{455261F8-CE67-4283-8FB4-20437D6F9220}"
	ProjectSection(SolutionItems) = preProject
		FrontEnd\src\assets\scss\paper-dashboard\_alerts.scss = FrontEnd\src\assets\scss\paper-dashboard\_alerts.scss
		FrontEnd\src\assets\scss\paper-dashboard\_animated-buttons.scss = FrontEnd\src\assets\scss\paper-dashboard\_animated-buttons.scss
		FrontEnd\src\assets\scss\paper-dashboard\_buttons.scss = FrontEnd\src\assets\scss\paper-dashboard\_buttons.scss
		FrontEnd\src\assets\scss\paper-dashboard\_cards.scss = FrontEnd\src\assets\scss\paper-dashboard\_cards.scss
		FrontEnd\src\assets\scss\paper-dashboard\_checkboxes-radio.scss = FrontEnd\src\assets\scss\paper-dashboard\_checkboxes-radio.scss
		FrontEnd\src\assets\scss\paper-dashboard\_dropdown.scss = FrontEnd\src\assets\scss\paper-dashboard\_dropdown.scss
		FrontEnd\src\assets\scss\paper-dashboard\_fixed-plugin.scss = FrontEnd\src\assets\scss\paper-dashboard\_fixed-plugin.scss
		FrontEnd\src\assets\scss\paper-dashboard\_footers.scss = FrontEnd\src\assets\scss\paper-dashboard\_footers.scss
		FrontEnd\src\assets\scss\paper-dashboard\_images.scss = FrontEnd\src\assets\scss\paper-dashboard\_images.scss
		FrontEnd\src\assets\scss\paper-dashboard\_inputs.scss = FrontEnd\src\assets\scss\paper-dashboard\_inputs.scss
		FrontEnd\src\assets\scss\paper-dashboard\_misc.scss = FrontEnd\src\assets\scss\paper-dashboard\_misc.scss
		FrontEnd\src\assets\scss\paper-dashboard\_mixins.scss = FrontEnd\src\assets\scss\paper-dashboard\_mixins.scss
		FrontEnd\src\assets\scss\paper-dashboard\_navbar.scss = FrontEnd\src\assets\scss\paper-dashboard\_navbar.scss
		FrontEnd\src\assets\scss\paper-dashboard\_nucleo-outline.scss = FrontEnd\src\assets\scss\paper-dashboard\_nucleo-outline.scss
		FrontEnd\src\assets\scss\paper-dashboard\_page-header.scss = FrontEnd\src\assets\scss\paper-dashboard\_page-header.scss
		FrontEnd\src\assets\scss\paper-dashboard\_responsive.scss = FrontEnd\src\assets\scss\paper-dashboard\_responsive.scss
		FrontEnd\src\assets\scss\paper-dashboard\_sidebar-and-main-panel.scss = FrontEnd\src\assets\scss\paper-dashboard\_sidebar-and-main-panel.scss
		FrontEnd\src\assets\scss\paper-dashboard\_tables.scss = FrontEnd\src\assets\scss\paper-dashboard\_tables.scss
		FrontEnd\src\assets\scss\paper-dashboard\_typography.scss = FrontEnd\src\assets\scss\paper-dashboard\_typography.scss
		FrontEnd\src\assets\scss\paper-dashboard\_variables.scss = FrontEnd\src\assets\scss\paper-dashboard\_variables.scss
	EndProjectSection
EndProject
Project("{2150E333-8FDC-42A3-9474-1A3956D46DE8}") = "angular", "angular", "{20122B21-C76D-4306-AD2F-BD4434920011}"
	ProjectSection(SolutionItems) = preProject
		FrontEnd\src\assets\scss\paper-dashboard\angular\_dropdown.scss = FrontEnd\src\assets\scss\paper-dashboard\angular\_dropdown.scss
		FrontEnd\src\assets\scss\paper-dashboard\angular\_fixed-plugin.scss = FrontEnd\src\assets\scss\paper-dashboard\angular\_fixed-plugin.scss
		FrontEnd\src\assets\scss\paper-dashboard\angular\_inputs.scss = FrontEnd\src\assets\scss\paper-dashboard\angular\_inputs.scss
		FrontEnd\src\assets\scss\paper-dashboard\angular\_plugin-ngx-toastr.scss = FrontEnd\src\assets\scss\paper-dashboard\angular\_plugin-ngx-toastr.scss
		FrontEnd\src\assets\scss\paper-dashboard\angular\_sidebar-and-main-panel.scss = FrontEnd\src\assets\scss\paper-dashboard\angular\_sidebar-and-main-panel.scss
	EndProjectSection
EndProject
Project("{2150E333-8FDC-42A3-9474-1A3956D46DE8}") = "cards", "cards", "{2C1DD1C5-9142-441E-9CAD-6C9D172DC6A7}"
	ProjectSection(SolutionItems) = preProject
		FrontEnd\src\assets\scss\paper-dashboard\cards\_card-chart.scss = FrontEnd\src\assets\scss\paper-dashboard\cards\_card-chart.scss
		FrontEnd\src\assets\scss\paper-dashboard\cards\_card-map.scss = FrontEnd\src\assets\scss\paper-dashboard\cards\_card-map.scss
		FrontEnd\src\assets\scss\paper-dashboard\cards\_card-plain.scss = FrontEnd\src\assets\scss\paper-dashboard\cards\_card-plain.scss
		FrontEnd\src\assets\scss\paper-dashboard\cards\_card-stats.scss = FrontEnd\src\assets\scss\paper-dashboard\cards\_card-stats.scss
		FrontEnd\src\assets\scss\paper-dashboard\cards\_card-user.scss = FrontEnd\src\assets\scss\paper-dashboard\cards\_card-user.scss
	EndProjectSection
EndProject
Project("{2150E333-8FDC-42A3-9474-1A3956D46DE8}") = "mixins", "mixins", "{CAF6D370-27B4-458C-ACE5-723F68C264C0}"
	ProjectSection(SolutionItems) = preProject
		FrontEnd\src\assets\scss\paper-dashboard\mixins\_buttons.scss = FrontEnd\src\assets\scss\paper-dashboard\mixins\_buttons.scss
		FrontEnd\src\assets\scss\paper-dashboard\mixins\_cards.scss = FrontEnd\src\assets\scss\paper-dashboard\mixins\_cards.scss
		FrontEnd\src\assets\scss\paper-dashboard\mixins\_dropdown.scss = FrontEnd\src\assets\scss\paper-dashboard\mixins\_dropdown.scss
		FrontEnd\src\assets\scss\paper-dashboard\mixins\_inputs.scss = FrontEnd\src\assets\scss\paper-dashboard\mixins\_inputs.scss
		FrontEnd\src\assets\scss\paper-dashboard\mixins\_page-header.scss = FrontEnd\src\assets\scss\paper-dashboard\mixins\_page-header.scss
		FrontEnd\src\assets\scss\paper-dashboard\mixins\_transparency.scss = FrontEnd\src\assets\scss\paper-dashboard\mixins\_transparency.scss
		FrontEnd\src\assets\scss\paper-dashboard\mixins\_vendor-prefixes.scss = FrontEnd\src\assets\scss\paper-dashboard\mixins\_vendor-prefixes.scss
	EndProjectSection
EndProject
Project("{2150E333-8FDC-42A3-9474-1A3956D46DE8}") = "plugins", "plugins", "{C06EF500-9977-48C6-952F-6DFF37C233C1}"
	ProjectSection(SolutionItems) = preProject
		FrontEnd\src\assets\scss\paper-dashboard\plugins\_plugin-animate-bootstrap-notify.scss = FrontEnd\src\assets\scss\paper-dashboard\plugins\_plugin-animate-bootstrap-notify.scss
		FrontEnd\src\assets\scss\paper-dashboard\plugins\_plugin-perfect-scrollbar.scss = FrontEnd\src\assets\scss\paper-dashboard\plugins\_plugin-perfect-scrollbar.scss
	EndProjectSection
EndProject
Project("{2150E333-8FDC-42A3-9474-1A3956D46DE8}") = "environments", "environments", "{28544782-2E44-42AB-A1C9-B00216ABA665}"
	ProjectSection(SolutionItems) = preProject
		FrontEnd\src\environments\environment.prod.ts = FrontEnd\src\environments\environment.prod.ts
		FrontEnd\src\environments\environment.ts = FrontEnd\src\environments\environment.ts
	EndProjectSection
EndProject
Global
	GlobalSection(SolutionConfigurationPlatforms) = preSolution
		Debug|Any CPU = Debug|Any CPU
		Release|Any CPU = Release|Any CPU
	EndGlobalSection
	GlobalSection(ProjectConfigurationPlatforms) = postSolution
		{CA8AAEAC-CCE6-4900-BB67-BDF7AF70C011}.Debug|Any CPU.ActiveCfg = Debug|Any CPU
		{CA8AAEAC-CCE6-4900-BB67-BDF7AF70C011}.Debug|Any CPU.Build.0 = Debug|Any CPU
		{CA8AAEAC-CCE6-4900-BB67-BDF7AF70C011}.Release|Any CPU.ActiveCfg = Release|Any CPU
		{CA8AAEAC-CCE6-4900-BB67-BDF7AF70C011}.Release|Any CPU.Build.0 = Release|Any CPU
		{1EFC691B-C212-4CD8-9A43-62ADB6F2B3A8}.Debug|Any CPU.ActiveCfg = Debug|Any CPU
		{1EFC691B-C212-4CD8-9A43-62ADB6F2B3A8}.Debug|Any CPU.Build.0 = Debug|Any CPU
		{1EFC691B-C212-4CD8-9A43-62ADB6F2B3A8}.Release|Any CPU.ActiveCfg = Release|Any CPU
		{1EFC691B-C212-4CD8-9A43-62ADB6F2B3A8}.Release|Any CPU.Build.0 = Release|Any CPU
		{344AE82D-C680-4622-A99D-7A33D0779CF8}.Debug|Any CPU.ActiveCfg = Debug|Any CPU
		{344AE82D-C680-4622-A99D-7A33D0779CF8}.Debug|Any CPU.Build.0 = Debug|Any CPU
		{344AE82D-C680-4622-A99D-7A33D0779CF8}.Release|Any CPU.ActiveCfg = Release|Any CPU
		{344AE82D-C680-4622-A99D-7A33D0779CF8}.Release|Any CPU.Build.0 = Release|Any CPU
		{494688C8-DF42-4DE2-B384-CFF5E8DFAFF1}.Debug|Any CPU.ActiveCfg = Debug|Any CPU
		{494688C8-DF42-4DE2-B384-CFF5E8DFAFF1}.Debug|Any CPU.Build.0 = Debug|Any CPU
		{494688C8-DF42-4DE2-B384-CFF5E8DFAFF1}.Release|Any CPU.ActiveCfg = Release|Any CPU
		{494688C8-DF42-4DE2-B384-CFF5E8DFAFF1}.Release|Any CPU.Build.0 = Release|Any CPU
		{870E9900-4D24-4A40-B874-EE07FFFFAA47}.Debug|Any CPU.ActiveCfg = Debug|Any CPU
		{870E9900-4D24-4A40-B874-EE07FFFFAA47}.Debug|Any CPU.Build.0 = Debug|Any CPU
		{870E9900-4D24-4A40-B874-EE07FFFFAA47}.Release|Any CPU.ActiveCfg = Release|Any CPU
		{870E9900-4D24-4A40-B874-EE07FFFFAA47}.Release|Any CPU.Build.0 = Release|Any CPU
		{6A5D2342-8830-4031-9629-7817659330EB}.Debug|Any CPU.ActiveCfg = Debug|Any CPU
		{6A5D2342-8830-4031-9629-7817659330EB}.Debug|Any CPU.Build.0 = Debug|Any CPU
		{6A5D2342-8830-4031-9629-7817659330EB}.Release|Any CPU.ActiveCfg = Release|Any CPU
		{6A5D2342-8830-4031-9629-7817659330EB}.Release|Any CPU.Build.0 = Release|Any CPU
	EndGlobalSection
	GlobalSection(SolutionProperties) = preSolution
		HideSolutionNode = FALSE
	EndGlobalSection
	GlobalSection(NestedProjects) = preSolution
		{CA8AAEAC-CCE6-4900-BB67-BDF7AF70C011} = {D2EAB88D-929C-4487-A839-2E3F99057BBD}
		{1EFC691B-C212-4CD8-9A43-62ADB6F2B3A8} = {D2EAB88D-929C-4487-A839-2E3F99057BBD}
		{344AE82D-C680-4622-A99D-7A33D0779CF8} = {D2EAB88D-929C-4487-A839-2E3F99057BBD}
		{494688C8-DF42-4DE2-B384-CFF5E8DFAFF1} = {D2EAB88D-929C-4487-A839-2E3F99057BBD}
		{870E9900-4D24-4A40-B874-EE07FFFFAA47} = {D2EAB88D-929C-4487-A839-2E3F99057BBD}
		{6A5D2342-8830-4031-9629-7817659330EB} = {D2EAB88D-929C-4487-A839-2E3F99057BBD}
		{954BE74F-2B8E-483D-94DE-DE73472E1E07} = {456F8DE5-AAAD-477B-A82A-A6BD090B2C03}
		{9B87F131-1C62-4266-A78E-63E8FDEB71F8} = {456F8DE5-AAAD-477B-A82A-A6BD090B2C03}
		{BE598A29-6993-4548-8AC2-9107BD34F4D1} = {9B87F131-1C62-4266-A78E-63E8FDEB71F8}
		{03061D8E-C0A8-4747-B188-4DBE2520F793} = {BE598A29-6993-4548-8AC2-9107BD34F4D1}
		{53ACF9B9-4C1D-4F6F-9E3D-D6C66ABF29D0} = {03061D8E-C0A8-4747-B188-4DBE2520F793}
		{7E7E4C56-2E61-44F6-9C9A-46E9CA9BEF7C} = {BE598A29-6993-4548-8AC2-9107BD34F4D1}
		{916EA4BC-3BA7-4A49-8401-7086177390CC} = {7E7E4C56-2E61-44F6-9C9A-46E9CA9BEF7C}
		{A795D3B0-7980-4894-BC49-2A69E02CE08C} = {7E7E4C56-2E61-44F6-9C9A-46E9CA9BEF7C}
		{3269DC3A-4C39-482D-8BA0-E1495160418D} = {7E7E4C56-2E61-44F6-9C9A-46E9CA9BEF7C}
		{97DE4906-9137-481D-B786-0EFD2E6ACB7F} = {7E7E4C56-2E61-44F6-9C9A-46E9CA9BEF7C}
		{0B9382C7-FE34-44A3-A5F9-350183CE4B6E} = {7E7E4C56-2E61-44F6-9C9A-46E9CA9BEF7C}
		{4DD4E21C-73FE-4F1D-ADEA-20E622B1AA57} = {7E7E4C56-2E61-44F6-9C9A-46E9CA9BEF7C}
		{CB884F2F-92E9-4584-A4C0-55DB0E152AD2} = {7E7E4C56-2E61-44F6-9C9A-46E9CA9BEF7C}
		{B2F98BD6-3FF0-4508-AC2B-A9C313FB7900} = {7E7E4C56-2E61-44F6-9C9A-46E9CA9BEF7C}
		{EAEFF870-4616-47BC-94A4-5B75650B3055} = {BE598A29-6993-4548-8AC2-9107BD34F4D1}
		{26A496E3-8055-4F8D-A7D3-D2F026BC3DFF} = {EAEFF870-4616-47BC-94A4-5B75650B3055}
		{B995CDBE-22D2-46D5-9D5E-0062AA9A2384} = {EAEFF870-4616-47BC-94A4-5B75650B3055}
		{7A91E390-8BDF-488C-B725-DB4C0BFFC103} = {EAEFF870-4616-47BC-94A4-5B75650B3055}
		{75F60EC7-3338-4FEC-86D5-B19298227D04} = {BE598A29-6993-4548-8AC2-9107BD34F4D1}
		{1A1C907E-53B5-421A-AE61-EC063B012D59} = {9B87F131-1C62-4266-A78E-63E8FDEB71F8}
		{A3F37AE6-5B24-450D-96EE-69C25B0FC1A5} = {1A1C907E-53B5-421A-AE61-EC063B012D59}
		{FBE42F64-C24B-48CB-847E-9E8665138E34} = {1A1C907E-53B5-421A-AE61-EC063B012D59}
		{6A923977-DBD3-4C92-A951-F7225B5FC1AF} = {1A1C907E-53B5-421A-AE61-EC063B012D59}
		{A26A195F-FB7E-4CFB-96D2-D95B0AB5ABD5} = {6A923977-DBD3-4C92-A951-F7225B5FC1AF}
		{B0077F05-18FF-451F-A4AB-317C5D447630} = {1A1C907E-53B5-421A-AE61-EC063B012D59}
		{455261F8-CE67-4283-8FB4-20437D6F9220} = {B0077F05-18FF-451F-A4AB-317C5D447630}
		{20122B21-C76D-4306-AD2F-BD4434920011} = {455261F8-CE67-4283-8FB4-20437D6F9220}
		{2C1DD1C5-9142-441E-9CAD-6C9D172DC6A7} = {455261F8-CE67-4283-8FB4-20437D6F9220}
		{CAF6D370-27B4-458C-ACE5-723F68C264C0} = {455261F8-CE67-4283-8FB4-20437D6F9220}
		{C06EF500-9977-48C6-952F-6DFF37C233C1} = {455261F8-CE67-4283-8FB4-20437D6F9220}
		{28544782-2E44-42AB-A1C9-B00216ABA665} = {9B87F131-1C62-4266-A78E-63E8FDEB71F8}
	EndGlobalSection
	GlobalSection(ExtensibilityGlobals) = postSolution
		SolutionGuid = {AF347162-E0AB-4A62-BF0A-248FB258AEE4}
	EndGlobalSection
EndGlobal
